// !$*UTF8*$!
{
	archiveVersion = 1;
	classes = {
	};
	objectVersion = 56;
	objects = {

/* Begin PBXBuildFile section */
		398CCD662B09BC6400B78163 /* .swiftlint.yml in Resources */ = {isa = PBXBuildFile; fileRef = 398CCD652B09BC6400B78163 /* .swiftlint.yml */; };
		39D09F902B0AE04F00F27995 /* StoreDetailBottomTabView.swift in Sources */ = {isa = PBXBuildFile; fileRef = 39D09F8F2B0AE04F00F27995 /* StoreDetailBottomTabView.swift */; };
		39D09F922B0AF0CC00F27995 /* UIStackView+.swift in Sources */ = {isa = PBXBuildFile; fileRef = 39D09F912B0AF0CC00F27995 /* UIStackView+.swift */; };
		39D09F942B0B52D900F27995 /* StoreDetatilImageScrollView.swift in Sources */ = {isa = PBXBuildFile; fileRef = 39D09F932B0B52D900F27995 /* StoreDetatilImageScrollView.swift */; };
		39EC84DC2B0BAD82006F684C /* HomeView.swift in Sources */ = {isa = PBXBuildFile; fileRef = 39EC84DB2B0BAD82006F684C /* HomeView.swift */; };
		39EC84DE2B0BAD89006F684C /* AllMenuView.swift in Sources */ = {isa = PBXBuildFile; fileRef = 39EC84DD2B0BAD89006F684C /* AllMenuView.swift */; };
		39EC84E02B0BAD94006F684C /* RecentReviewView.swift in Sources */ = {isa = PBXBuildFile; fileRef = 39EC84DF2B0BAD94006F684C /* RecentReviewView.swift */; };
		A461B5812B0688960049A0F3 /* AppDelegate.swift in Sources */ = {isa = PBXBuildFile; fileRef = A461B5802B0688960049A0F3 /* AppDelegate.swift */; };
		A461B5832B0688960049A0F3 /* SceneDelegate.swift in Sources */ = {isa = PBXBuildFile; fileRef = A461B5822B0688960049A0F3 /* SceneDelegate.swift */; };
		A461B5852B0688960049A0F3 /* ViewController.swift in Sources */ = {isa = PBXBuildFile; fileRef = A461B5842B0688960049A0F3 /* ViewController.swift */; };
		A461B58A2B0688970049A0F3 /* Assets.xcassets in Resources */ = {isa = PBXBuildFile; fileRef = A461B5892B0688970049A0F3 /* Assets.xcassets */; };
		A461B58D2B0688970049A0F3 /* LaunchScreen.storyboard in Resources */ = {isa = PBXBuildFile; fileRef = A461B58B2B0688970049A0F3 /* LaunchScreen.storyboard */; };
		A461B5A02B0787620049A0F3 /* SnapKit in Frameworks */ = {isa = PBXBuildFile; productRef = A461B59F2B0787620049A0F3 /* SnapKit */; };
		A461B5A32B0787A30049A0F3 /* Alamofire in Frameworks */ = {isa = PBXBuildFile; productRef = A461B5A22B0787A30049A0F3 /* Alamofire */; };
		A461B5A52B0789E00049A0F3 /* UIView+.swift in Sources */ = {isa = PBXBuildFile; fileRef = A461B5A42B0789E00049A0F3 /* UIView+.swift */; };
		A461B5A72B078A9A0049A0F3 /* UILabel+.swift in Sources */ = {isa = PBXBuildFile; fileRef = A461B5A62B078A9A0049A0F3 /* UILabel+.swift */; };
		A461B5A92B078C010049A0F3 /* UIColor+.swift in Sources */ = {isa = PBXBuildFile; fileRef = A461B5A82B078C010049A0F3 /* UIColor+.swift */; };
		A461B5AD2B078FEA0049A0F3 /* UITableViewRegisterable.swift in Sources */ = {isa = PBXBuildFile; fileRef = A461B5AC2B078FEA0049A0F3 /* UITableViewRegisterable.swift */; };
		A461B5AF2B07900D0049A0F3 /* NSObject+.swift in Sources */ = {isa = PBXBuildFile; fileRef = A461B5AE2B07900D0049A0F3 /* NSObject+.swift */; };
		A461B5B12B07923D0049A0F3 /* UICollectionViewRegisterable.swift in Sources */ = {isa = PBXBuildFile; fileRef = A461B5B02B07923D0049A0F3 /* UICollectionViewRegisterable.swift */; };
		A461B5B32B0792840049A0F3 /* ColorLiterals.swift in Sources */ = {isa = PBXBuildFile; fileRef = A461B5B22B0792840049A0F3 /* ColorLiterals.swift */; };
		A461B5C12B07A4020049A0F3 /* WaitingDetailView.swift in Sources */ = {isa = PBXBuildFile; fileRef = A461B5C02B07A4020049A0F3 /* WaitingDetailView.swift */; };
		A461B5C32B07A40F0049A0F3 /* WaitingDetailViewController.swift in Sources */ = {isa = PBXBuildFile; fileRef = A461B5C22B07A40F0049A0F3 /* WaitingDetailViewController.swift */; };
		A461B5C52B07A4180049A0F3 /* StoreDetailView.swift in Sources */ = {isa = PBXBuildFile; fileRef = A461B5C42B07A4180049A0F3 /* StoreDetailView.swift */; };
		A461B5C72B07A4230049A0F3 /* StoreListView.swift in Sources */ = {isa = PBXBuildFile; fileRef = A461B5C62B07A4230049A0F3 /* StoreListView.swift */; };
		A461B5C92B07A42B0049A0F3 /* TablingListView.swift in Sources */ = {isa = PBXBuildFile; fileRef = A461B5C82B07A42B0049A0F3 /* TablingListView.swift */; };
		A461B5CB2B07A4380049A0F3 /* StoreDetailViewController.swift in Sources */ = {isa = PBXBuildFile; fileRef = A461B5CA2B07A4380049A0F3 /* StoreDetailViewController.swift */; };
		A461B5CD2B07A4440049A0F3 /* StoreListViewController.swift in Sources */ = {isa = PBXBuildFile; fileRef = A461B5CC2B07A4440049A0F3 /* StoreListViewController.swift */; };
		A461B5CF2B07A44D0049A0F3 /* TablingListViewController.swift in Sources */ = {isa = PBXBuildFile; fileRef = A461B5CE2B07A44D0049A0F3 /* TablingListViewController.swift */; };
		A461B5D12B07A4670049A0F3 /* View.swift in Sources */ = {isa = PBXBuildFile; fileRef = A461B5D02B07A4670049A0F3 /* View.swift */; };
		A461B5D72B07A8EC0049A0F3 /* TablingListEntity.swift in Sources */ = {isa = PBXBuildFile; fileRef = A461B5D62B07A8EC0049A0F3 /* TablingListEntity.swift */; };
		A461B5D92B07A8F30049A0F3 /* StoreListEntity.swift in Sources */ = {isa = PBXBuildFile; fileRef = A461B5D82B07A8F30049A0F3 /* StoreListEntity.swift */; };
		A461B5DC2B07A9030049A0F3 /* StoreDetailEntity.swift in Sources */ = {isa = PBXBuildFile; fileRef = A461B5DB2B07A9030049A0F3 /* StoreDetailEntity.swift */; };
		A461B5DE2B07A90C0049A0F3 /* WaitingDetailEntity.swift in Sources */ = {isa = PBXBuildFile; fileRef = A461B5DD2B07A90C0049A0F3 /* WaitingDetailEntity.swift */; };
		A461B5E02B07D86F0049A0F3 /* ExampleCollectionViewCell.swift in Sources */ = {isa = PBXBuildFile; fileRef = A461B5DF2B07D86F0049A0F3 /* ExampleCollectionViewCell.swift */; };
		A461B5E42B08EB4B0049A0F3 /* Pretendard-Regular.otf in Resources */ = {isa = PBXBuildFile; fileRef = A461B5E22B08EB4B0049A0F3 /* Pretendard-Regular.otf */; };
		A461B5E52B08EB4B0049A0F3 /* Pretendard-SemiBold.otf in Resources */ = {isa = PBXBuildFile; fileRef = A461B5E32B08EB4B0049A0F3 /* Pretendard-SemiBold.otf */; };
		A461B5E72B08EB5C0049A0F3 /* FontLiterals.swift in Sources */ = {isa = PBXBuildFile; fileRef = A461B5E62B08EB5C0049A0F3 /* FontLiterals.swift */; };
		A461B5E92B08ECC70049A0F3 /* ImageLiterals.swift in Sources */ = {isa = PBXBuildFile; fileRef = A461B5E82B08ECC70049A0F3 /* ImageLiterals.swift */; };
		A461B5EB2B08ED540049A0F3 /* UIImage+.swift in Sources */ = {isa = PBXBuildFile; fileRef = A461B5EA2B08ED540049A0F3 /* UIImage+.swift */; };
		A461B5ED2B08F6900049A0F3 /* StringLiterals.swift in Sources */ = {isa = PBXBuildFile; fileRef = A461B5EC2B08F6900049A0F3 /* StringLiterals.swift */; };
/* End PBXBuildFile section */

/* Begin PBXFileReference section */
		398CCD652B09BC6400B78163 /* .swiftlint.yml */ = {isa = PBXFileReference; lastKnownFileType = text.yaml; path = .swiftlint.yml; sourceTree = "<group>"; };
		39D09F8F2B0AE04F00F27995 /* StoreDetailBottomTabView.swift */ = {isa = PBXFileReference; lastKnownFileType = sourcecode.swift; path = StoreDetailBottomTabView.swift; sourceTree = "<group>"; };
		39D09F912B0AF0CC00F27995 /* UIStackView+.swift */ = {isa = PBXFileReference; lastKnownFileType = sourcecode.swift; path = "UIStackView+.swift"; sourceTree = "<group>"; };
		39D09F932B0B52D900F27995 /* StoreDetatilImageScrollView.swift */ = {isa = PBXFileReference; lastKnownFileType = sourcecode.swift; path = StoreDetatilImageScrollView.swift; sourceTree = "<group>"; };
		39EC84DB2B0BAD82006F684C /* HomeView.swift */ = {isa = PBXFileReference; lastKnownFileType = sourcecode.swift; path = HomeView.swift; sourceTree = "<group>"; };
		39EC84DD2B0BAD89006F684C /* AllMenuView.swift */ = {isa = PBXFileReference; lastKnownFileType = sourcecode.swift; path = AllMenuView.swift; sourceTree = "<group>"; };
		39EC84DF2B0BAD94006F684C /* RecentReviewView.swift */ = {isa = PBXFileReference; lastKnownFileType = sourcecode.swift; path = RecentReviewView.swift; sourceTree = "<group>"; };
		A461B57D2B0688960049A0F3 /* Tabling-iOS.app */ = {isa = PBXFileReference; explicitFileType = wrapper.application; includeInIndex = 0; path = "Tabling-iOS.app"; sourceTree = BUILT_PRODUCTS_DIR; };
		A461B5802B0688960049A0F3 /* AppDelegate.swift */ = {isa = PBXFileReference; lastKnownFileType = sourcecode.swift; path = AppDelegate.swift; sourceTree = "<group>"; };
		A461B5822B0688960049A0F3 /* SceneDelegate.swift */ = {isa = PBXFileReference; lastKnownFileType = sourcecode.swift; path = SceneDelegate.swift; sourceTree = "<group>"; };
		A461B5842B0688960049A0F3 /* ViewController.swift */ = {isa = PBXFileReference; lastKnownFileType = sourcecode.swift; path = ViewController.swift; sourceTree = "<group>"; };
		A461B5892B0688970049A0F3 /* Assets.xcassets */ = {isa = PBXFileReference; lastKnownFileType = folder.assetcatalog; path = Assets.xcassets; sourceTree = "<group>"; };
		A461B58C2B0688970049A0F3 /* Base */ = {isa = PBXFileReference; lastKnownFileType = file.storyboard; name = Base; path = Base.lproj/LaunchScreen.storyboard; sourceTree = "<group>"; };
		A461B58E2B0688970049A0F3 /* Info.plist */ = {isa = PBXFileReference; lastKnownFileType = text.plist.xml; path = Info.plist; sourceTree = "<group>"; };
		A461B5A42B0789E00049A0F3 /* UIView+.swift */ = {isa = PBXFileReference; lastKnownFileType = sourcecode.swift; path = "UIView+.swift"; sourceTree = "<group>"; };
		A461B5A62B078A9A0049A0F3 /* UILabel+.swift */ = {isa = PBXFileReference; lastKnownFileType = sourcecode.swift; path = "UILabel+.swift"; sourceTree = "<group>"; };
		A461B5A82B078C010049A0F3 /* UIColor+.swift */ = {isa = PBXFileReference; lastKnownFileType = sourcecode.swift; path = "UIColor+.swift"; sourceTree = "<group>"; };
		A461B5AC2B078FEA0049A0F3 /* UITableViewRegisterable.swift */ = {isa = PBXFileReference; lastKnownFileType = sourcecode.swift; path = UITableViewRegisterable.swift; sourceTree = "<group>"; };
		A461B5AE2B07900D0049A0F3 /* NSObject+.swift */ = {isa = PBXFileReference; lastKnownFileType = sourcecode.swift; path = "NSObject+.swift"; sourceTree = "<group>"; };
		A461B5B02B07923D0049A0F3 /* UICollectionViewRegisterable.swift */ = {isa = PBXFileReference; lastKnownFileType = sourcecode.swift; path = UICollectionViewRegisterable.swift; sourceTree = "<group>"; };
		A461B5B22B0792840049A0F3 /* ColorLiterals.swift */ = {isa = PBXFileReference; lastKnownFileType = sourcecode.swift; path = ColorLiterals.swift; sourceTree = "<group>"; };
		A461B5C02B07A4020049A0F3 /* WaitingDetailView.swift */ = {isa = PBXFileReference; lastKnownFileType = sourcecode.swift; path = WaitingDetailView.swift; sourceTree = "<group>"; };
		A461B5C22B07A40F0049A0F3 /* WaitingDetailViewController.swift */ = {isa = PBXFileReference; lastKnownFileType = sourcecode.swift; path = WaitingDetailViewController.swift; sourceTree = "<group>"; };
		A461B5C42B07A4180049A0F3 /* StoreDetailView.swift */ = {isa = PBXFileReference; lastKnownFileType = sourcecode.swift; path = StoreDetailView.swift; sourceTree = "<group>"; };
		A461B5C62B07A4230049A0F3 /* StoreListView.swift */ = {isa = PBXFileReference; lastKnownFileType = sourcecode.swift; path = StoreListView.swift; sourceTree = "<group>"; };
		A461B5C82B07A42B0049A0F3 /* TablingListView.swift */ = {isa = PBXFileReference; lastKnownFileType = sourcecode.swift; path = TablingListView.swift; sourceTree = "<group>"; };
		A461B5CA2B07A4380049A0F3 /* StoreDetailViewController.swift */ = {isa = PBXFileReference; lastKnownFileType = sourcecode.swift; path = StoreDetailViewController.swift; sourceTree = "<group>"; };
		A461B5CC2B07A4440049A0F3 /* StoreListViewController.swift */ = {isa = PBXFileReference; lastKnownFileType = sourcecode.swift; path = StoreListViewController.swift; sourceTree = "<group>"; };
		A461B5CE2B07A44D0049A0F3 /* TablingListViewController.swift */ = {isa = PBXFileReference; lastKnownFileType = sourcecode.swift; path = TablingListViewController.swift; sourceTree = "<group>"; };
		A461B5D02B07A4670049A0F3 /* View.swift */ = {isa = PBXFileReference; lastKnownFileType = sourcecode.swift; path = View.swift; sourceTree = "<group>"; };
		A461B5D62B07A8EC0049A0F3 /* TablingListEntity.swift */ = {isa = PBXFileReference; lastKnownFileType = sourcecode.swift; path = TablingListEntity.swift; sourceTree = "<group>"; };
		A461B5D82B07A8F30049A0F3 /* StoreListEntity.swift */ = {isa = PBXFileReference; lastKnownFileType = sourcecode.swift; path = StoreListEntity.swift; sourceTree = "<group>"; };
		A461B5DB2B07A9030049A0F3 /* StoreDetailEntity.swift */ = {isa = PBXFileReference; lastKnownFileType = sourcecode.swift; path = StoreDetailEntity.swift; sourceTree = "<group>"; };
		A461B5DD2B07A90C0049A0F3 /* WaitingDetailEntity.swift */ = {isa = PBXFileReference; lastKnownFileType = sourcecode.swift; path = WaitingDetailEntity.swift; sourceTree = "<group>"; };
		A461B5DF2B07D86F0049A0F3 /* ExampleCollectionViewCell.swift */ = {isa = PBXFileReference; lastKnownFileType = sourcecode.swift; path = ExampleCollectionViewCell.swift; sourceTree = "<group>"; };
		A461B5E22B08EB4B0049A0F3 /* Pretendard-Regular.otf */ = {isa = PBXFileReference; lastKnownFileType = file; path = "Pretendard-Regular.otf"; sourceTree = "<group>"; };
		A461B5E32B08EB4B0049A0F3 /* Pretendard-SemiBold.otf */ = {isa = PBXFileReference; lastKnownFileType = file; path = "Pretendard-SemiBold.otf"; sourceTree = "<group>"; };
		A461B5E62B08EB5C0049A0F3 /* FontLiterals.swift */ = {isa = PBXFileReference; lastKnownFileType = sourcecode.swift; path = FontLiterals.swift; sourceTree = "<group>"; };
		A461B5E82B08ECC70049A0F3 /* ImageLiterals.swift */ = {isa = PBXFileReference; lastKnownFileType = sourcecode.swift; path = ImageLiterals.swift; sourceTree = "<group>"; };
		A461B5EA2B08ED540049A0F3 /* UIImage+.swift */ = {isa = PBXFileReference; lastKnownFileType = sourcecode.swift; path = "UIImage+.swift"; sourceTree = "<group>"; };
		A461B5EC2B08F6900049A0F3 /* StringLiterals.swift */ = {isa = PBXFileReference; lastKnownFileType = sourcecode.swift; path = StringLiterals.swift; sourceTree = "<group>"; };
/* End PBXFileReference section */

/* Begin PBXFrameworksBuildPhase section */
		A461B57A2B0688960049A0F3 /* Frameworks */ = {
			isa = PBXFrameworksBuildPhase;
			buildActionMask = 2147483647;
			files = (
				A461B5A02B0787620049A0F3 /* SnapKit in Frameworks */,
				A461B5A32B0787A30049A0F3 /* Alamofire in Frameworks */,
			);
			runOnlyForDeploymentPostprocessing = 0;
		};
/* End PBXFrameworksBuildPhase section */

/* Begin PBXGroup section */
		A461B5742B0688960049A0F3 = {
			isa = PBXGroup;
			children = (
				398CCD652B09BC6400B78163 /* .swiftlint.yml */,
				A461B57F2B0688960049A0F3 /* Tabling-iOS */,
				A461B57E2B0688960049A0F3 /* Products */,
			);
			sourceTree = "<group>";
		};
		A461B57E2B0688960049A0F3 /* Products */ = {
			isa = PBXGroup;
			children = (
				A461B57D2B0688960049A0F3 /* Tabling-iOS.app */,
			);
			name = Products;
			sourceTree = "<group>";
		};
		A461B57F2B0688960049A0F3 /* Tabling-iOS */ = {
			isa = PBXGroup;
			children = (
				A461B5972B0786880049A0F3 /* Application */,
				A461B5962B0786800049A0F3 /* Global */,
				A461B5952B0786780049A0F3 /* Network */,
				A461B5942B07866D0049A0F3 /* Presentation */,
				A461B5D02B07A4670049A0F3 /* View.swift */,
				A461B5842B0688960049A0F3 /* ViewController.swift */,
				A461B5DF2B07D86F0049A0F3 /* ExampleCollectionViewCell.swift */,
				A461B58E2B0688970049A0F3 /* Info.plist */,
			);
			path = "Tabling-iOS";
			sourceTree = "<group>";
		};
		A461B5942B07866D0049A0F3 /* Presentation */ = {
			isa = PBXGroup;
			children = (
				A461B5B72B079A4F0049A0F3 /* WaitingDetail */,
				A461B5B62B079A450049A0F3 /* StoreDetail */,
				A461B5B52B079A3E0049A0F3 /* StoreList */,
				A461B5B42B079A2A0049A0F3 /* TablingList */,
			);
			path = Presentation;
			sourceTree = "<group>";
		};
		A461B5952B0786780049A0F3 /* Network */ = {
			isa = PBXGroup;
			children = (
				A461B59D2B0787350049A0F3 /* Entity */,
			);
			path = Network;
			sourceTree = "<group>";
		};
		A461B5962B0786800049A0F3 /* Global */ = {
			isa = PBXGroup;
			children = (
				A461B5982B0786AB0049A0F3 /* Resources */,
				A461B59C2B0787150049A0F3 /* Literals */,
				A461B59B2B07870F0049A0F3 /* Extension */,
				A461B59A2B0786EC0049A0F3 /* Protocols */,
				A461B5992B0786C80049A0F3 /* Supporting Files */,
			);
			path = Global;
			sourceTree = "<group>";
		};
		A461B5972B0786880049A0F3 /* Application */ = {
			isa = PBXGroup;
			children = (
				A461B5802B0688960049A0F3 /* AppDelegate.swift */,
				A461B5822B0688960049A0F3 /* SceneDelegate.swift */,
			);
			path = Application;
			sourceTree = "<group>";
		};
		A461B5982B0786AB0049A0F3 /* Resources */ = {
			isa = PBXGroup;
			children = (
				A461B5E12B08EB3E0049A0F3 /* Font */,
				A461B5892B0688970049A0F3 /* Assets.xcassets */,
			);
			path = Resources;
			sourceTree = "<group>";
		};
		A461B5992B0786C80049A0F3 /* Supporting Files */ = {
			isa = PBXGroup;
			children = (
				A461B58B2B0688970049A0F3 /* LaunchScreen.storyboard */,
			);
			path = "Supporting Files";
			sourceTree = "<group>";
		};
		A461B59A2B0786EC0049A0F3 /* Protocols */ = {
			isa = PBXGroup;
			children = (
				A461B5AC2B078FEA0049A0F3 /* UITableViewRegisterable.swift */,
				A461B5B02B07923D0049A0F3 /* UICollectionViewRegisterable.swift */,
			);
			path = Protocols;
			sourceTree = "<group>";
		};
		A461B59B2B07870F0049A0F3 /* Extension */ = {
			isa = PBXGroup;
			children = (
				A461B5A42B0789E00049A0F3 /* UIView+.swift */,
				A461B5A62B078A9A0049A0F3 /* UILabel+.swift */,
				A461B5A82B078C010049A0F3 /* UIColor+.swift */,
				A461B5AE2B07900D0049A0F3 /* NSObject+.swift */,
				A461B5EA2B08ED540049A0F3 /* UIImage+.swift */,
				39D09F912B0AF0CC00F27995 /* UIStackView+.swift */,
			);
			path = Extension;
			sourceTree = "<group>";
		};
		A461B59C2B0787150049A0F3 /* Literals */ = {
			isa = PBXGroup;
			children = (
				A461B5B22B0792840049A0F3 /* ColorLiterals.swift */,
				A461B5E62B08EB5C0049A0F3 /* FontLiterals.swift */,
				A461B5E82B08ECC70049A0F3 /* ImageLiterals.swift */,
				A461B5EC2B08F6900049A0F3 /* StringLiterals.swift */,
			);
			path = Literals;
			sourceTree = "<group>";
		};
		A461B59D2B0787350049A0F3 /* Entity */ = {
			isa = PBXGroup;
			children = (
				A461B5D22B07A8B90049A0F3 /* WaitingDetail */,
				A461B5D52B07A8DD0049A0F3 /* StoreDetail */,
				A461B5D42B07A8D00049A0F3 /* StoreList */,
				A461B5D32B07A8CA0049A0F3 /* TablingList */,
			);
			path = Entity;
			sourceTree = "<group>";
		};
		A461B5B42B079A2A0049A0F3 /* TablingList */ = {
			isa = PBXGroup;
			children = (
				A461B5BF2B07A3B30049A0F3 /* View */,
				A461B5BE2B07A3AD0049A0F3 /* ViewController */,
			);
			path = TablingList;
			sourceTree = "<group>";
		};
		A461B5B52B079A3E0049A0F3 /* StoreList */ = {
			isa = PBXGroup;
			children = (
				A461B5BD2B07A3A80049A0F3 /* View */,
				A461B5BC2B07A3A40049A0F3 /* ViewController */,
			);
			path = StoreList;
			sourceTree = "<group>";
		};
		A461B5B62B079A450049A0F3 /* StoreDetail */ = {
			isa = PBXGroup;
			children = (
				A461B5BB2B07A3A00049A0F3 /* View */,
				A461B5BA2B07A39B0049A0F3 /* ViewController */,
			);
			path = StoreDetail;
			sourceTree = "<group>";
		};
		A461B5B72B079A4F0049A0F3 /* WaitingDetail */ = {
			isa = PBXGroup;
			children = (
				A461B5B92B07A3950049A0F3 /* View */,
				A461B5B82B07A3900049A0F3 /* ViewController */,
			);
			path = WaitingDetail;
			sourceTree = "<group>";
		};
		A461B5B82B07A3900049A0F3 /* ViewController */ = {
			isa = PBXGroup;
			children = (
				A461B5C22B07A40F0049A0F3 /* WaitingDetailViewController.swift */,
			);
			path = ViewController;
			sourceTree = "<group>";
		};
		A461B5B92B07A3950049A0F3 /* View */ = {
			isa = PBXGroup;
			children = (
				A461B5C02B07A4020049A0F3 /* WaitingDetailView.swift */,
			);
			path = View;
			sourceTree = "<group>";
		};
		A461B5BA2B07A39B0049A0F3 /* ViewController */ = {
			isa = PBXGroup;
			children = (
				A461B5CA2B07A4380049A0F3 /* StoreDetailViewController.swift */,
			);
			path = ViewController;
			sourceTree = "<group>";
		};
		A461B5BB2B07A3A00049A0F3 /* View */ = {
			isa = PBXGroup;
			children = (
				39D09F932B0B52D900F27995 /* StoreDetatilImageScrollView.swift */,
				A461B5C42B07A4180049A0F3 /* StoreDetailView.swift */,
				39D09F8F2B0AE04F00F27995 /* StoreDetailBottomTabView.swift */,
				39EC84DB2B0BAD82006F684C /* HomeView.swift */,
				39EC84DD2B0BAD89006F684C /* AllMenuView.swift */,
				39EC84DF2B0BAD94006F684C /* RecentReviewView.swift */,
			);
			path = View;
			sourceTree = "<group>";
		};
		A461B5BC2B07A3A40049A0F3 /* ViewController */ = {
			isa = PBXGroup;
			children = (
				A461B5CC2B07A4440049A0F3 /* StoreListViewController.swift */,
			);
			path = ViewController;
			sourceTree = "<group>";
		};
		A461B5BD2B07A3A80049A0F3 /* View */ = {
			isa = PBXGroup;
			children = (
				A461B5C62B07A4230049A0F3 /* StoreListView.swift */,
			);
			path = View;
			sourceTree = "<group>";
		};
		A461B5BE2B07A3AD0049A0F3 /* ViewController */ = {
			isa = PBXGroup;
			children = (
				A461B5CE2B07A44D0049A0F3 /* TablingListViewController.swift */,
			);
			path = ViewController;
			sourceTree = "<group>";
		};
		A461B5BF2B07A3B30049A0F3 /* View */ = {
			isa = PBXGroup;
			children = (
				A461B5C82B07A42B0049A0F3 /* TablingListView.swift */,
			);
			path = View;
			sourceTree = "<group>";
		};
		A461B5D22B07A8B90049A0F3 /* WaitingDetail */ = {
			isa = PBXGroup;
			children = (
				A461B5DD2B07A90C0049A0F3 /* WaitingDetailEntity.swift */,
			);
			path = WaitingDetail;
			sourceTree = "<group>";
		};
		A461B5D32B07A8CA0049A0F3 /* TablingList */ = {
			isa = PBXGroup;
			children = (
				A461B5D62B07A8EC0049A0F3 /* TablingListEntity.swift */,
			);
			path = TablingList;
			sourceTree = "<group>";
		};
		A461B5D42B07A8D00049A0F3 /* StoreList */ = {
			isa = PBXGroup;
			children = (
				A461B5D82B07A8F30049A0F3 /* StoreListEntity.swift */,
			);
			path = StoreList;
			sourceTree = "<group>";
		};
		A461B5D52B07A8DD0049A0F3 /* StoreDetail */ = {
			isa = PBXGroup;
			children = (
				A461B5DB2B07A9030049A0F3 /* StoreDetailEntity.swift */,
			);
			path = StoreDetail;
			sourceTree = "<group>";
		};
		A461B5E12B08EB3E0049A0F3 /* Font */ = {
			isa = PBXGroup;
			children = (
				A461B5E22B08EB4B0049A0F3 /* Pretendard-Regular.otf */,
				A461B5E32B08EB4B0049A0F3 /* Pretendard-SemiBold.otf */,
			);
			path = Font;
			sourceTree = "<group>";
		};
/* End PBXGroup section */

/* Begin PBXNativeTarget section */
		A461B57C2B0688960049A0F3 /* Tabling-iOS */ = {
			isa = PBXNativeTarget;
			buildConfigurationList = A461B5912B0688970049A0F3 /* Build configuration list for PBXNativeTarget "Tabling-iOS" */;
			buildPhases = (
				A461B5792B0688960049A0F3 /* Sources */,
				A461B57A2B0688960049A0F3 /* Frameworks */,
				A461B57B2B0688960049A0F3 /* Resources */,
				398CCD642B09BBF700B78163 /* ShellScript */,
			);
			buildRules = (
			);
			dependencies = (
			);
			name = "Tabling-iOS";
			packageProductDependencies = (
				A461B59F2B0787620049A0F3 /* SnapKit */,
				A461B5A22B0787A30049A0F3 /* Alamofire */,
			);
			productName = "Tabling-iOS";
			productReference = A461B57D2B0688960049A0F3 /* Tabling-iOS.app */;
			productType = "com.apple.product-type.application";
		};
/* End PBXNativeTarget section */

/* Begin PBXProject section */
		A461B5752B0688960049A0F3 /* Project object */ = {
			isa = PBXProject;
			attributes = {
				BuildIndependentTargetsInParallel = 1;
				LastSwiftUpdateCheck = 1430;
				LastUpgradeCheck = 1430;
				TargetAttributes = {
					A461B57C2B0688960049A0F3 = {
						CreatedOnToolsVersion = 14.3;
					};
				};
			};
			buildConfigurationList = A461B5782B0688960049A0F3 /* Build configuration list for PBXProject "Tabling-iOS" */;
			compatibilityVersion = "Xcode 14.0";
			developmentRegion = en;
			hasScannedForEncodings = 0;
			knownRegions = (
				en,
				Base,
			);
			mainGroup = A461B5742B0688960049A0F3;
			packageReferences = (
				A461B59E2B0787620049A0F3 /* XCRemoteSwiftPackageReference "SnapKit" */,
				A461B5A12B0787A30049A0F3 /* XCRemoteSwiftPackageReference "Alamofire" */,
			);
			productRefGroup = A461B57E2B0688960049A0F3 /* Products */;
			projectDirPath = "";
			projectRoot = "";
			targets = (
				A461B57C2B0688960049A0F3 /* Tabling-iOS */,
			);
		};
/* End PBXProject section */

/* Begin PBXResourcesBuildPhase section */
		A461B57B2B0688960049A0F3 /* Resources */ = {
			isa = PBXResourcesBuildPhase;
			buildActionMask = 2147483647;
			files = (
				398CCD662B09BC6400B78163 /* .swiftlint.yml in Resources */,
				A461B58D2B0688970049A0F3 /* LaunchScreen.storyboard in Resources */,
				A461B5E42B08EB4B0049A0F3 /* Pretendard-Regular.otf in Resources */,
				A461B58A2B0688970049A0F3 /* Assets.xcassets in Resources */,
				A461B5E52B08EB4B0049A0F3 /* Pretendard-SemiBold.otf in Resources */,
			);
			runOnlyForDeploymentPostprocessing = 0;
		};
/* End PBXResourcesBuildPhase section */

/* Begin PBXShellScriptBuildPhase section */
		398CCD642B09BBF700B78163 /* ShellScript */ = {
			isa = PBXShellScriptBuildPhase;
			buildActionMask = 2147483647;
			files = (
			);
			inputFileListPaths = (
			);
			inputPaths = (
			);
			outputFileListPaths = (
			);
			outputPaths = (
			);
			runOnlyForDeploymentPostprocessing = 0;
			shellPath = /bin/sh;
			shellScript = "# Type a script or drag a script file from your workspace to insert its path.\nif which swiftlint >/dev/null; then\n  swiftlint\nelse\n  echo \"warning: SwiftLint not installed, download from https://github.com/realm/SwiftLint\"\nfi\n";
		};
/* End PBXShellScriptBuildPhase section */

/* Begin PBXSourcesBuildPhase section */
		A461B5792B0688960049A0F3 /* Sources */ = {
			isa = PBXSourcesBuildPhase;
			buildActionMask = 2147483647;
			files = (
				A461B5D72B07A8EC0049A0F3 /* TablingListEntity.swift in Sources */,
				A461B5A52B0789E00049A0F3 /* UIView+.swift in Sources */,
				A461B5852B0688960049A0F3 /* ViewController.swift in Sources */,
				A461B5C72B07A4230049A0F3 /* StoreListView.swift in Sources */,
				A461B5A72B078A9A0049A0F3 /* UILabel+.swift in Sources */,
				A461B5C32B07A40F0049A0F3 /* WaitingDetailViewController.swift in Sources */,
				39D09F902B0AE04F00F27995 /* StoreDetailBottomTabView.swift in Sources */,
				A461B5EB2B08ED540049A0F3 /* UIImage+.swift in Sources */,
				A461B5B32B0792840049A0F3 /* ColorLiterals.swift in Sources */,
				A461B5D12B07A4670049A0F3 /* View.swift in Sources */,
				A461B5CF2B07A44D0049A0F3 /* TablingListViewController.swift in Sources */,
				A461B5B12B07923D0049A0F3 /* UICollectionViewRegisterable.swift in Sources */,
				A461B5CD2B07A4440049A0F3 /* StoreListViewController.swift in Sources */,
				39EC84DC2B0BAD82006F684C /* HomeView.swift in Sources */,
				A461B5D92B07A8F30049A0F3 /* StoreListEntity.swift in Sources */,
				A461B5812B0688960049A0F3 /* AppDelegate.swift in Sources */,
				A461B5DE2B07A90C0049A0F3 /* WaitingDetailEntity.swift in Sources */,
				A461B5C92B07A42B0049A0F3 /* TablingListView.swift in Sources */,
				A461B5CB2B07A4380049A0F3 /* StoreDetailViewController.swift in Sources */,
				A461B5832B0688960049A0F3 /* SceneDelegate.swift in Sources */,
				39EC84DE2B0BAD89006F684C /* AllMenuView.swift in Sources */,
				A461B5C52B07A4180049A0F3 /* StoreDetailView.swift in Sources */,
				A461B5DC2B07A9030049A0F3 /* StoreDetailEntity.swift in Sources */,
				A461B5E92B08ECC70049A0F3 /* ImageLiterals.swift in Sources */,
				A461B5C12B07A4020049A0F3 /* WaitingDetailView.swift in Sources */,
				A461B5E72B08EB5C0049A0F3 /* FontLiterals.swift in Sources */,
				A461B5AF2B07900D0049A0F3 /* NSObject+.swift in Sources */,
				39D09F922B0AF0CC00F27995 /* UIStackView+.swift in Sources */,
				39D09F942B0B52D900F27995 /* StoreDetatilImageScrollView.swift in Sources */,
				A461B5E02B07D86F0049A0F3 /* ExampleCollectionViewCell.swift in Sources */,
				A461B5A92B078C010049A0F3 /* UIColor+.swift in Sources */,
				39EC84E02B0BAD94006F684C /* RecentReviewView.swift in Sources */,
				A461B5ED2B08F6900049A0F3 /* StringLiterals.swift in Sources */,
				A461B5AD2B078FEA0049A0F3 /* UITableViewRegisterable.swift in Sources */,
			);
			runOnlyForDeploymentPostprocessing = 0;
		};
/* End PBXSourcesBuildPhase section */

/* Begin PBXVariantGroup section */
		A461B58B2B0688970049A0F3 /* LaunchScreen.storyboard */ = {
			isa = PBXVariantGroup;
			children = (
				A461B58C2B0688970049A0F3 /* Base */,
			);
			name = LaunchScreen.storyboard;
			sourceTree = "<group>";
		};
/* End PBXVariantGroup section */

/* Begin XCBuildConfiguration section */
		A461B58F2B0688970049A0F3 /* Debug */ = {
			isa = XCBuildConfiguration;
			buildSettings = {
				ALWAYS_SEARCH_USER_PATHS = NO;
				CLANG_ANALYZER_NONNULL = YES;
				CLANG_ANALYZER_NUMBER_OBJECT_CONVERSION = YES_AGGRESSIVE;
				CLANG_CXX_LANGUAGE_STANDARD = "gnu++20";
				CLANG_ENABLE_MODULES = YES;
				CLANG_ENABLE_OBJC_ARC = YES;
				CLANG_ENABLE_OBJC_WEAK = YES;
				CLANG_WARN_BLOCK_CAPTURE_AUTORELEASING = YES;
				CLANG_WARN_BOOL_CONVERSION = YES;
				CLANG_WARN_COMMA = YES;
				CLANG_WARN_CONSTANT_CONVERSION = YES;
				CLANG_WARN_DEPRECATED_OBJC_IMPLEMENTATIONS = YES;
				CLANG_WARN_DIRECT_OBJC_ISA_USAGE = YES_ERROR;
				CLANG_WARN_DOCUMENTATION_COMMENTS = YES;
				CLANG_WARN_EMPTY_BODY = YES;
				CLANG_WARN_ENUM_CONVERSION = YES;
				CLANG_WARN_INFINITE_RECURSION = YES;
				CLANG_WARN_INT_CONVERSION = YES;
				CLANG_WARN_NON_LITERAL_NULL_CONVERSION = YES;
				CLANG_WARN_OBJC_IMPLICIT_RETAIN_SELF = YES;
				CLANG_WARN_OBJC_LITERAL_CONVERSION = YES;
				CLANG_WARN_OBJC_ROOT_CLASS = YES_ERROR;
				CLANG_WARN_QUOTED_INCLUDE_IN_FRAMEWORK_HEADER = YES;
				CLANG_WARN_RANGE_LOOP_ANALYSIS = YES;
				CLANG_WARN_STRICT_PROTOTYPES = YES;
				CLANG_WARN_SUSPICIOUS_MOVE = YES;
				CLANG_WARN_UNGUARDED_AVAILABILITY = YES_AGGRESSIVE;
				CLANG_WARN_UNREACHABLE_CODE = YES;
				CLANG_WARN__DUPLICATE_METHOD_MATCH = YES;
				COPY_PHASE_STRIP = NO;
				DEBUG_INFORMATION_FORMAT = dwarf;
				ENABLE_STRICT_OBJC_MSGSEND = YES;
				ENABLE_TESTABILITY = YES;
				GCC_C_LANGUAGE_STANDARD = gnu11;
				GCC_DYNAMIC_NO_PIC = NO;
				GCC_NO_COMMON_BLOCKS = YES;
				GCC_OPTIMIZATION_LEVEL = 0;
				GCC_PREPROCESSOR_DEFINITIONS = (
					"DEBUG=1",
					"$(inherited)",
				);
				GCC_WARN_64_TO_32_BIT_CONVERSION = YES;
				GCC_WARN_ABOUT_RETURN_TYPE = YES_ERROR;
				GCC_WARN_UNDECLARED_SELECTOR = YES;
				GCC_WARN_UNINITIALIZED_AUTOS = YES_AGGRESSIVE;
				GCC_WARN_UNUSED_FUNCTION = YES;
				GCC_WARN_UNUSED_VARIABLE = YES;
				IPHONEOS_DEPLOYMENT_TARGET = 16.4;
				MTL_ENABLE_DEBUG_INFO = INCLUDE_SOURCE;
				MTL_FAST_MATH = YES;
				ONLY_ACTIVE_ARCH = YES;
				SDKROOT = iphoneos;
				SWIFT_ACTIVE_COMPILATION_CONDITIONS = DEBUG;
				SWIFT_OPTIMIZATION_LEVEL = "-Onone";
			};
			name = Debug;
		};
		A461B5902B0688970049A0F3 /* Release */ = {
			isa = XCBuildConfiguration;
			buildSettings = {
				ALWAYS_SEARCH_USER_PATHS = NO;
				CLANG_ANALYZER_NONNULL = YES;
				CLANG_ANALYZER_NUMBER_OBJECT_CONVERSION = YES_AGGRESSIVE;
				CLANG_CXX_LANGUAGE_STANDARD = "gnu++20";
				CLANG_ENABLE_MODULES = YES;
				CLANG_ENABLE_OBJC_ARC = YES;
				CLANG_ENABLE_OBJC_WEAK = YES;
				CLANG_WARN_BLOCK_CAPTURE_AUTORELEASING = YES;
				CLANG_WARN_BOOL_CONVERSION = YES;
				CLANG_WARN_COMMA = YES;
				CLANG_WARN_CONSTANT_CONVERSION = YES;
				CLANG_WARN_DEPRECATED_OBJC_IMPLEMENTATIONS = YES;
				CLANG_WARN_DIRECT_OBJC_ISA_USAGE = YES_ERROR;
				CLANG_WARN_DOCUMENTATION_COMMENTS = YES;
				CLANG_WARN_EMPTY_BODY = YES;
				CLANG_WARN_ENUM_CONVERSION = YES;
				CLANG_WARN_INFINITE_RECURSION = YES;
				CLANG_WARN_INT_CONVERSION = YES;
				CLANG_WARN_NON_LITERAL_NULL_CONVERSION = YES;
				CLANG_WARN_OBJC_IMPLICIT_RETAIN_SELF = YES;
				CLANG_WARN_OBJC_LITERAL_CONVERSION = YES;
				CLANG_WARN_OBJC_ROOT_CLASS = YES_ERROR;
				CLANG_WARN_QUOTED_INCLUDE_IN_FRAMEWORK_HEADER = YES;
				CLANG_WARN_RANGE_LOOP_ANALYSIS = YES;
				CLANG_WARN_STRICT_PROTOTYPES = YES;
				CLANG_WARN_SUSPICIOUS_MOVE = YES;
				CLANG_WARN_UNGUARDED_AVAILABILITY = YES_AGGRESSIVE;
				CLANG_WARN_UNREACHABLE_CODE = YES;
				CLANG_WARN__DUPLICATE_METHOD_MATCH = YES;
				COPY_PHASE_STRIP = NO;
				DEBUG_INFORMATION_FORMAT = "dwarf-with-dsym";
				ENABLE_NS_ASSERTIONS = NO;
				ENABLE_STRICT_OBJC_MSGSEND = YES;
				GCC_C_LANGUAGE_STANDARD = gnu11;
				GCC_NO_COMMON_BLOCKS = YES;
				GCC_WARN_64_TO_32_BIT_CONVERSION = YES;
				GCC_WARN_ABOUT_RETURN_TYPE = YES_ERROR;
				GCC_WARN_UNDECLARED_SELECTOR = YES;
				GCC_WARN_UNINITIALIZED_AUTOS = YES_AGGRESSIVE;
				GCC_WARN_UNUSED_FUNCTION = YES;
				GCC_WARN_UNUSED_VARIABLE = YES;
				IPHONEOS_DEPLOYMENT_TARGET = 16.4;
				MTL_ENABLE_DEBUG_INFO = NO;
				MTL_FAST_MATH = YES;
				SDKROOT = iphoneos;
				SWIFT_COMPILATION_MODE = wholemodule;
				SWIFT_OPTIMIZATION_LEVEL = "-O";
				VALIDATE_PRODUCT = YES;
			};
			name = Release;
		};
		A461B5922B0688970049A0F3 /* Debug */ = {
			isa = XCBuildConfiguration;
			buildSettings = {
				ASSETCATALOG_COMPILER_APPICON_NAME = AppIcon;
				ASSETCATALOG_COMPILER_GLOBAL_ACCENT_COLOR_NAME = AccentColor;
				CODE_SIGN_STYLE = Automatic;
				CURRENT_PROJECT_VERSION = 1;
				DEVELOPMENT_TEAM = XGXWL95BMU;
				GENERATE_INFOPLIST_FILE = YES;
				INFOPLIST_FILE = "Tabling-iOS/Info.plist";
				INFOPLIST_KEY_UIApplicationSupportsIndirectInputEvents = YES;
				INFOPLIST_KEY_UILaunchStoryboardName = LaunchScreen;
				INFOPLIST_KEY_UISupportedInterfaceOrientations_iPad = "UIInterfaceOrientationPortrait UIInterfaceOrientationPortraitUpsideDown UIInterfaceOrientationLandscapeLeft UIInterfaceOrientationLandscapeRight";
				INFOPLIST_KEY_UISupportedInterfaceOrientations_iPhone = "UIInterfaceOrientationPortrait UIInterfaceOrientationLandscapeLeft UIInterfaceOrientationLandscapeRight";
				LD_RUNPATH_SEARCH_PATHS = (
					"$(inherited)",
					"@executable_path/Frameworks",
				);
				MARKETING_VERSION = 1.0;
				PRODUCT_BUNDLE_IDENTIFIER = "ahra.Tabling-iOS";
				PRODUCT_NAME = "$(TARGET_NAME)";
				SWIFT_EMIT_LOC_STRINGS = YES;
				SWIFT_VERSION = 5.0;
				TARGETED_DEVICE_FAMILY = "1,2";
			};
			name = Debug;
		};
		A461B5932B0688970049A0F3 /* Release */ = {
			isa = XCBuildConfiguration;
			buildSettings = {
				ASSETCATALOG_COMPILER_APPICON_NAME = AppIcon;
				ASSETCATALOG_COMPILER_GLOBAL_ACCENT_COLOR_NAME = AccentColor;
				CODE_SIGN_STYLE = Automatic;
				CURRENT_PROJECT_VERSION = 1;
				DEVELOPMENT_TEAM = XGXWL95BMU;
				GENERATE_INFOPLIST_FILE = YES;
				INFOPLIST_FILE = "Tabling-iOS/Info.plist";
				INFOPLIST_KEY_UIApplicationSupportsIndirectInputEvents = YES;
				INFOPLIST_KEY_UILaunchStoryboardName = LaunchScreen;
				INFOPLIST_KEY_UISupportedInterfaceOrientations_iPad = "UIInterfaceOrientationPortrait UIInterfaceOrientationPortraitUpsideDown UIInterfaceOrientationLandscapeLeft UIInterfaceOrientationLandscapeRight";
				INFOPLIST_KEY_UISupportedInterfaceOrientations_iPhone = "UIInterfaceOrientationPortrait UIInterfaceOrientationLandscapeLeft UIInterfaceOrientationLandscapeRight";
				LD_RUNPATH_SEARCH_PATHS = (
					"$(inherited)",
					"@executable_path/Frameworks",
				);
				MARKETING_VERSION = 1.0;
				PRODUCT_BUNDLE_IDENTIFIER = "ahra.Tabling-iOS";
				PRODUCT_NAME = "$(TARGET_NAME)";
				SWIFT_EMIT_LOC_STRINGS = YES;
				SWIFT_VERSION = 5.0;
				TARGETED_DEVICE_FAMILY = "1,2";
			};
			name = Release;
		};
/* End XCBuildConfiguration section */

/* Begin XCConfigurationList section */
		A461B5782B0688960049A0F3 /* Build configuration list for PBXProject "Tabling-iOS" */ = {
			isa = XCConfigurationList;
			buildConfigurations = (
				A461B58F2B0688970049A0F3 /* Debug */,
				A461B5902B0688970049A0F3 /* Release */,
			);
			defaultConfigurationIsVisible = 0;
			defaultConfigurationName = Release;
		};
		A461B5912B0688970049A0F3 /* Build configuration list for PBXNativeTarget "Tabling-iOS" */ = {
			isa = XCConfigurationList;
			buildConfigurations = (
				A461B5922B0688970049A0F3 /* Debug */,
				A461B5932B0688970049A0F3 /* Release */,
			);
			defaultConfigurationIsVisible = 0;
			defaultConfigurationName = Release;
		};
/* End XCConfigurationList section */

/* Begin XCRemoteSwiftPackageReference section */
		A461B59E2B0787620049A0F3 /* XCRemoteSwiftPackageReference "SnapKit" */ = {
			isa = XCRemoteSwiftPackageReference;
			repositoryURL = "https://github.com/SnapKit/SnapKit.git";
			requirement = {
				kind = upToNextMajorVersion;
				minimumVersion = 5.0.0;
			};
		};
		A461B5A12B0787A30049A0F3 /* XCRemoteSwiftPackageReference "Alamofire" */ = {
			isa = XCRemoteSwiftPackageReference;
			repositoryURL = "https://github.com/Alamofire/Alamofire.git";
			requirement = {
				kind = upToNextMajorVersion;
				minimumVersion = 5.0.0;
			};
		};
/* End XCRemoteSwiftPackageReference section */

/* Begin XCSwiftPackageProductDependency section */
		A461B59F2B0787620049A0F3 /* SnapKit */ = {
			isa = XCSwiftPackageProductDependency;
			package = A461B59E2B0787620049A0F3 /* XCRemoteSwiftPackageReference "SnapKit" */;
			productName = SnapKit;
		};
		A461B5A22B0787A30049A0F3 /* Alamofire */ = {
			isa = XCSwiftPackageProductDependency;
			package = A461B5A12B0787A30049A0F3 /* XCRemoteSwiftPackageReference "Alamofire" */;
			productName = Alamofire;
		};
/* End XCSwiftPackageProductDependency section */
	};
	rootObject = A461B5752B0688960049A0F3 /* Project object */;
}
